
Microsoft Visual Studio Solution File, Format Version 12.00
# Visual Studio 2013
VisualStudioVersion = 12.0.21005.1
MinimumVisualStudioVersion = 10.0.40219.1
Project("{FAE04EC0-301F-11D3-BF4B-00C04F79EFBC}") = "Problem1-Dictionary", "Problem1-Dictionary\Problem1-Dictionary.csproj", "{5EA04311-3991-4877-8454-30E3CBB220E0}"
EndProject
Project("{FAE04EC0-301F-11D3-BF4B-00C04F79EFBC}") = "Problem2-Count-Symbols", "Problem2-Count-Symbols\Problem2-Count-Symbols.csproj", "{91A671F5-B3B2-48CE-884E-0396A3C07CB1}"
EndProject
Project("{FAE04EC0-301F-11D3-BF4B-00C04F79EFBC}") = "Problem3-Phonebook", "Problem3-Phonebook\Problem3-Phonebook.csproj", "{9244D74E-D704-4019-9C50-970294FD25E4}"
EndProject
Project("{FAE04EC0-301F-11D3-BF4B-00C04F79EFBC}") = "Problem4-Ordered Set", "Problem4-Ordered Set\Problem4-Ordered Set.csproj", "{6657A9E1-D2F2-4686-8B92-0D75159E122B}"
EndProject
Global
	GlobalSection(SolutionConfigurationPlatforms) = preSolution
		Debug|Any CPU = Debug|Any CPU
		Release|Any CPU = Release|Any CPU
	EndGlobalSection
	GlobalSection(ProjectConfigurationPlatforms) = postSolution
		{5EA04311-3991-4877-8454-30E3CBB220E0}.Debug|Any CPU.ActiveCfg = Debug|Any CPU
		{5EA04311-3991-4877-8454-30E3CBB220E0}.Debug|Any CPU.Build.0 = Debug|Any CPU
		{5EA04311-3991-4877-8454-30E3CBB220E0}.Release|Any CPU.ActiveCfg = Release|Any CPU
		{5EA04311-3991-4877-8454-30E3CBB220E0}.Release|Any CPU.Build.0 = Release|Any CPU
		{91A671F5-B3B2-48CE-884E-0396A3C07CB1}.Debug|Any CPU.ActiveCfg = Debug|Any CPU
		{91A671F5-B3B2-48CE-884E-0396A3C07CB1}.Debug|Any CPU.Build.0 = Debug|Any CPU
		{91A671F5-B3B2-48CE-884E-0396A3C07CB1}.Release|Any CPU.ActiveCfg = Release|Any CPU
		{91A671F5-B3B2-48CE-884E-0396A3C07CB1}.Release|Any CPU.Build.0 = Release|Any CPU
		{9244D74E-D704-4019-9C50-970294FD25E4}.Debug|Any CPU.ActiveCfg = Debug|Any CPU
		{9244D74E-D704-4019-9C50-970294FD25E4}.Debug|Any CPU.Build.0 = Debug|Any CPU
		{9244D74E-D704-4019-9C50-970294FD25E4}.Release|Any CPU.ActiveCfg = Release|Any CPU
		{9244D74E-D704-4019-9C50-970294FD25E4}.Release|Any CPU.Build.0 = Release|Any CPU
		{6657A9E1-D2F2-4686-8B92-0D75159E122B}.Debug|Any CPU.ActiveCfg = Debug|Any CPU
		{6657A9E1-D2F2-4686-8B92-0D75159E122B}.Debug|Any CPU.Build.0 = Debug|Any CPU
		{6657A9E1-D2F2-4686-8B92-0D75159E122B}.Release|Any CPU.ActiveCfg = Release|Any CPU
		{6657A9E1-D2F2-4686-8B92-0D75159E122B}.Release|Any CPU.Build.0 = Release|Any CPU
	EndGlobalSection
	GlobalSection(SolutionProperties) = preSolution
		HideSolutionNode = FALSE
	EndGlobalSection
EndGlobal
