
Microsoft Visual Studio Solution File, Format Version 12.00
# Visual Studio 14
VisualStudioVersion = 14.0.23107.0
MinimumVisualStudioVersion = 10.0.40219.1
Project("{FAE04EC0-301F-11D3-BF4B-00C04F79EFBC}") = "Part-I", "CollectionDataStructuresAndLibrariesLab\Part-I.csproj", "{457F3706-CA8F-454A-B09A-A9FC75BF58D8}"
EndProject
Project("{FAE04EC0-301F-11D3-BF4B-00C04F79EFBC}") = "Part-II", "Part-II\Part-II.csproj", "{0DB21931-430B-4616-BB61-58322BE633C7}"
EndProject
Global
	GlobalSection(SolutionConfigurationPlatforms) = preSolution
		Debug|Any CPU = Debug|Any CPU
		Release|Any CPU = Release|Any CPU
	EndGlobalSection
	GlobalSection(ProjectConfigurationPlatforms) = postSolution
		{457F3706-CA8F-454A-B09A-A9FC75BF58D8}.Debug|Any CPU.ActiveCfg = Debug|Any CPU
		{457F3706-CA8F-454A-B09A-A9FC75BF58D8}.Debug|Any CPU.Build.0 = Debug|Any CPU
		{457F3706-CA8F-454A-B09A-A9FC75BF58D8}.Release|Any CPU.ActiveCfg = Release|Any CPU
		{457F3706-CA8F-454A-B09A-A9FC75BF58D8}.Release|Any CPU.Build.0 = Release|Any CPU
		{0DB21931-430B-4616-BB61-58322BE633C7}.Debug|Any CPU.ActiveCfg = Debug|Any CPU
		{0DB21931-430B-4616-BB61-58322BE633C7}.Debug|Any CPU.Build.0 = Debug|Any CPU
		{0DB21931-430B-4616-BB61-58322BE633C7}.Release|Any CPU.ActiveCfg = Release|Any CPU
		{0DB21931-430B-4616-BB61-58322BE633C7}.Release|Any CPU.Build.0 = Release|Any CPU
	EndGlobalSection
	GlobalSection(SolutionProperties) = preSolution
		HideSolutionNode = FALSE
	EndGlobalSection
EndGlobal
